
Microsoft Visual Studio Solution File, Format Version 12.00
# Visual Studio Version 17
VisualStudioVersion = 17.10.35122.118
MinimumVisualStudioVersion = 10.0.40219.1
Project("{6EC3EE1D-3C4E-46DD-8F32-0CC8E7565705}") = "EssentialFSharp", "EssentialFSharp\EssentialFSharp.fsproj", "{0537D6D6-E72A-43C1-8757-CA48A00A0D82}"
EndProject
Project("{2150E333-8FDC-42A3-9474-1A3956D46DE8}") = "Parts", "Parts", "{BB5ED20B-1435-4A3A-AEAC-C29E57BE2117}"
EndProject
Project("{2150E333-8FDC-42A3-9474-1A3956D46DE8}") = "Tests", "Tests", "{9BDEC765-DDAA-468F-A1FA-6A747F249968}"
EndProject
Project("{6EC3EE1D-3C4E-46DD-8F32-0CC8E7565705}") = "Part1Tests", "Part1Tests\Part1Tests.fsproj", "{792F66D6-989A-4F39-B6FB-66B137C428F7}"
EndProject
Project("{6EC3EE1D-3C4E-46DD-8F32-0CC8E7565705}") = "Part1", "Part1\Part1.fsproj", "{07DAA66B-A1EE-43D5-A1D4-82DC51895D3C}"
EndProject
Project("{6EC3EE1D-3C4E-46DD-8F32-0CC8E7565705}") = "Part2", "Part2\Part2.fsproj", "{59D109CB-6D82-4D5D-BBAF-30068A0F8AD6}"
EndProject
Project("{6EC3EE1D-3C4E-46DD-8F32-0CC8E7565705}") = "Part2Tests", "Part2Tests\Part2Tests.fsproj", "{0989CDA9-7CA2-4A13-8B52-C4A2E7A4BB9D}"
EndProject
Project("{6EC3EE1D-3C4E-46DD-8F32-0CC8E7565705}") = "Part3", "Part3\Part3.fsproj", "{15517C6F-8C60-40B7-9CC0-16394AD930FE}"
EndProject
Project("{6EC3EE1D-3C4E-46DD-8F32-0CC8E7565705}") = "Part3Tests", "Part3Tests\Part3Tests.fsproj", "{C76D1416-0513-401C-BDE8-6BAF1FBF652D}"
EndProject
Project("{F2A71F9B-5D33-465A-A702-920D77279786}") = "Part5", "Part5\Part5.fsproj", "{6B2DD7D2-FA9B-4BB4-B498-FA6F5A5B425D}"
EndProject
Project("{F2A71F9B-5D33-465A-A702-920D77279786}") = "Part5Tests", "Part5Tests\Part5Tests.fsproj", "{DABB8E9B-08CE-4B7F-B045-44809586C998}"
EndProject
Global
	GlobalSection(SolutionConfigurationPlatforms) = preSolution
		Debug|Any CPU = Debug|Any CPU
		Release|Any CPU = Release|Any CPU
	EndGlobalSection
	GlobalSection(ProjectConfigurationPlatforms) = postSolution
		{0537D6D6-E72A-43C1-8757-CA48A00A0D82}.Debug|Any CPU.ActiveCfg = Debug|Any CPU
		{0537D6D6-E72A-43C1-8757-CA48A00A0D82}.Debug|Any CPU.Build.0 = Debug|Any CPU
		{0537D6D6-E72A-43C1-8757-CA48A00A0D82}.Release|Any CPU.ActiveCfg = Release|Any CPU
		{0537D6D6-E72A-43C1-8757-CA48A00A0D82}.Release|Any CPU.Build.0 = Release|Any CPU
		{792F66D6-989A-4F39-B6FB-66B137C428F7}.Debug|Any CPU.ActiveCfg = Debug|Any CPU
		{792F66D6-989A-4F39-B6FB-66B137C428F7}.Debug|Any CPU.Build.0 = Debug|Any CPU
		{792F66D6-989A-4F39-B6FB-66B137C428F7}.Release|Any CPU.ActiveCfg = Release|Any CPU
		{792F66D6-989A-4F39-B6FB-66B137C428F7}.Release|Any CPU.Build.0 = Release|Any CPU
		{07DAA66B-A1EE-43D5-A1D4-82DC51895D3C}.Debug|Any CPU.ActiveCfg = Debug|Any CPU
		{07DAA66B-A1EE-43D5-A1D4-82DC51895D3C}.Debug|Any CPU.Build.0 = Debug|Any CPU
		{07DAA66B-A1EE-43D5-A1D4-82DC51895D3C}.Release|Any CPU.ActiveCfg = Release|Any CPU
		{07DAA66B-A1EE-43D5-A1D4-82DC51895D3C}.Release|Any CPU.Build.0 = Release|Any CPU
		{59D109CB-6D82-4D5D-BBAF-30068A0F8AD6}.Debug|Any CPU.ActiveCfg = Debug|Any CPU
		{59D109CB-6D82-4D5D-BBAF-30068A0F8AD6}.Debug|Any CPU.Build.0 = Debug|Any CPU
		{59D109CB-6D82-4D5D-BBAF-30068A0F8AD6}.Release|Any CPU.ActiveCfg = Release|Any CPU
		{59D109CB-6D82-4D5D-BBAF-30068A0F8AD6}.Release|Any CPU.Build.0 = Release|Any CPU
		{0989CDA9-7CA2-4A13-8B52-C4A2E7A4BB9D}.Debug|Any CPU.ActiveCfg = Debug|Any CPU
		{0989CDA9-7CA2-4A13-8B52-C4A2E7A4BB9D}.Debug|Any CPU.Build.0 = Debug|Any CPU
		{0989CDA9-7CA2-4A13-8B52-C4A2E7A4BB9D}.Release|Any CPU.ActiveCfg = Release|Any CPU
		{0989CDA9-7CA2-4A13-8B52-C4A2E7A4BB9D}.Release|Any CPU.Build.0 = Release|Any CPU
		{15517C6F-8C60-40B7-9CC0-16394AD930FE}.Debug|Any CPU.ActiveCfg = Debug|Any CPU
		{15517C6F-8C60-40B7-9CC0-16394AD930FE}.Debug|Any CPU.Build.0 = Debug|Any CPU
		{15517C6F-8C60-40B7-9CC0-16394AD930FE}.Release|Any CPU.ActiveCfg = Release|Any CPU
		{15517C6F-8C60-40B7-9CC0-16394AD930FE}.Release|Any CPU.Build.0 = Release|Any CPU
		{C76D1416-0513-401C-BDE8-6BAF1FBF652D}.Debug|Any CPU.ActiveCfg = Debug|Any CPU
		{C76D1416-0513-401C-BDE8-6BAF1FBF652D}.Debug|Any CPU.Build.0 = Debug|Any CPU
		{C76D1416-0513-401C-BDE8-6BAF1FBF652D}.Release|Any CPU.ActiveCfg = Release|Any CPU
		{C76D1416-0513-401C-BDE8-6BAF1FBF652D}.Release|Any CPU.Build.0 = Release|Any CPU
		{6B2DD7D2-FA9B-4BB4-B498-FA6F5A5B425D}.Debug|Any CPU.ActiveCfg = Debug|Any CPU
		{6B2DD7D2-FA9B-4BB4-B498-FA6F5A5B425D}.Debug|Any CPU.Build.0 = Debug|Any CPU
		{6B2DD7D2-FA9B-4BB4-B498-FA6F5A5B425D}.Release|Any CPU.ActiveCfg = Release|Any CPU
		{6B2DD7D2-FA9B-4BB4-B498-FA6F5A5B425D}.Release|Any CPU.Build.0 = Release|Any CPU
		{DABB8E9B-08CE-4B7F-B045-44809586C998}.Debug|Any CPU.ActiveCfg = Debug|Any CPU
		{DABB8E9B-08CE-4B7F-B045-44809586C998}.Debug|Any CPU.Build.0 = Debug|Any CPU
		{DABB8E9B-08CE-4B7F-B045-44809586C998}.Release|Any CPU.ActiveCfg = Release|Any CPU
		{DABB8E9B-08CE-4B7F-B045-44809586C998}.Release|Any CPU.Build.0 = Release|Any CPU
	EndGlobalSection
	GlobalSection(SolutionProperties) = preSolution
		HideSolutionNode = FALSE
	EndGlobalSection
	GlobalSection(NestedProjects) = preSolution
		{792F66D6-989A-4F39-B6FB-66B137C428F7} = {9BDEC765-DDAA-468F-A1FA-6A747F249968}
		{07DAA66B-A1EE-43D5-A1D4-82DC51895D3C} = {BB5ED20B-1435-4A3A-AEAC-C29E57BE2117}
		{59D109CB-6D82-4D5D-BBAF-30068A0F8AD6} = {BB5ED20B-1435-4A3A-AEAC-C29E57BE2117}
		{0989CDA9-7CA2-4A13-8B52-C4A2E7A4BB9D} = {9BDEC765-DDAA-468F-A1FA-6A747F249968}
		{15517C6F-8C60-40B7-9CC0-16394AD930FE} = {BB5ED20B-1435-4A3A-AEAC-C29E57BE2117}
		{C76D1416-0513-401C-BDE8-6BAF1FBF652D} = {9BDEC765-DDAA-468F-A1FA-6A747F249968}
		{6B2DD7D2-FA9B-4BB4-B498-FA6F5A5B425D} = {BB5ED20B-1435-4A3A-AEAC-C29E57BE2117}
		{DABB8E9B-08CE-4B7F-B045-44809586C998} = {9BDEC765-DDAA-468F-A1FA-6A747F249968}
	EndGlobalSection
	GlobalSection(ExtensibilityGlobals) = postSolution
		SolutionGuid = {8477C1D5-8D77-4108-8ECC-933FA7D16BDC}
	EndGlobalSection
EndGlobal
